
Microsoft Visual Studio Solution File, Format Version 12.00
# Visual Studio Version 17
VisualStudioVersion = 17.11.35222.181
MinimumVisualStudioVersion = 10.0.40219.1
Project("{FAE04EC0-301F-11D3-BF4B-00C04F79EFBC}") = "SuperAdventure", "SuperAdventure\SuperAdventure.csproj", "{B2D09D28-B123-4EC7-8D65-97A9DED7F010}"
EndProject
Project("{FAE04EC0-301F-11D3-BF4B-00C04F79EFBC}") = "Engine", "Engine\Engine.csproj", "{40EBD920-AB65-406E-B4FD-D5C43CD278F0}"
EndProject
Global
	GlobalSection(SolutionConfigurationPlatforms) = preSolution
		Debug|Any CPU = Debug|Any CPU
		Release|Any CPU = Release|Any CPU
	EndGlobalSection
	GlobalSection(ProjectConfigurationPlatforms) = postSolution
		{B2D09D28-B123-4EC7-8D65-97A9DED7F010}.Debug|Any CPU.ActiveCfg = Debug|Any CPU
		{B2D09D28-B123-4EC7-8D65-97A9DED7F010}.Debug|Any CPU.Build.0 = Debug|Any CPU
		{B2D09D28-B123-4EC7-8D65-97A9DED7F010}.Release|Any CPU.ActiveCfg = Release|Any CPU
		{B2D09D28-B123-4EC7-8D65-97A9DED7F010}.Release|Any CPU.Build.0 = Release|Any CPU
		{40EBD920-AB65-406E-B4FD-D5C43CD278F0}.Debug|Any CPU.ActiveCfg = Debug|Any CPU
		{40EBD920-AB65-406E-B4FD-D5C43CD278F0}.Debug|Any CPU.Build.0 = Debug|Any CPU
		{40EBD920-AB65-406E-B4FD-D5C43CD278F0}.Release|Any CPU.ActiveCfg = Release|Any CPU
		{40EBD920-AB65-406E-B4FD-D5C43CD278F0}.Release|Any CPU.Build.0 = Release|Any CPU
	EndGlobalSection
	GlobalSection(SolutionProperties) = preSolution
		HideSolutionNode = FALSE
	EndGlobalSection
	GlobalSection(ExtensibilityGlobals) = postSolution
		SolutionGuid = {24880057-DB87-4A45-A9E4-2D69774F70C8}
	EndGlobalSection
EndGlobal
